// !$*UTF8*$!
{
	archiveVersion = 1;
	classes = {
	};
	objectVersion = 56;
	objects = {

/* Begin PBXBuildFile section */
		AA100C202B71CFDA007850F1 /* NavigationBarView.swift in Sources */ = {isa = PBXBuildFile; fileRef = AA100C1F2B71CFDA007850F1 /* NavigationBarView.swift */; };
		AA100C222B71D265007850F1 /* LogoView.swift in Sources */ = {isa = PBXBuildFile; fileRef = AA100C212B71D265007850F1 /* LogoView.swift */; };
		AA100C242B72FC61007850F1 /* ImageSliderView.swift in Sources */ = {isa = PBXBuildFile; fileRef = AA100C232B72FC61007850F1 /* ImageSliderView.swift */; };
		AA100C262B72FC9A007850F1 /* PlayerModel.swift in Sources */ = {isa = PBXBuildFile; fileRef = AA100C252B72FC9A007850F1 /* PlayerModel.swift */; };
		AA100C282B72FCEA007850F1 /* CodableBundleExtension.swift in Sources */ = {isa = PBXBuildFile; fileRef = AA100C272B72FCEA007850F1 /* CodableBundleExtension.swift */; };
		AA100C2A2B72FF00007850F1 /* CategoryModel.swift in Sources */ = {isa = PBXBuildFile; fileRef = AA100C292B72FF00007850F1 /* CategoryModel.swift */; };
		AA100C2C2B72FFC6007850F1 /* BrandModel.swift in Sources */ = {isa = PBXBuildFile; fileRef = AA100C2B2B72FFC6007850F1 /* BrandModel.swift */; };
		AA100C2E2B73003A007850F1 /* ProductModel.swift in Sources */ = {isa = PBXBuildFile; fileRef = AA100C2D2B73003A007850F1 /* ProductModel.swift */; };
		AA100C302B7301B0007850F1 /* ImageSliderItemView.swift in Sources */ = {isa = PBXBuildFile; fileRef = AA100C2F2B7301B0007850F1 /* ImageSliderItemView.swift */; };
		AA100C322B73065D007850F1 /* CategoryItemView.swift in Sources */ = {isa = PBXBuildFile; fileRef = AA100C312B73065D007850F1 /* CategoryItemView.swift */; };
		AA100C342B730821007850F1 /* CategoryGridView.swift in Sources */ = {isa = PBXBuildFile; fileRef = AA100C332B730821007850F1 /* CategoryGridView.swift */; };
		AA100C372B730A50007850F1 /* SectionView.swift in Sources */ = {isa = PBXBuildFile; fileRef = AA100C362B730A50007850F1 /* SectionView.swift */; };
		AA100C3D2B746608007850F1 /* TitleView.swift in Sources */ = {isa = PBXBuildFile; fileRef = AA100C3C2B746607007850F1 /* TitleView.swift */; };
		AA100C402B74679A007850F1 /* ProductItemView.swift in Sources */ = {isa = PBXBuildFile; fileRef = AA100C3F2B74679A007850F1 /* ProductItemView.swift */; };
		AA100C422B746B51007850F1 /* ProductGridView.swift in Sources */ = {isa = PBXBuildFile; fileRef = AA100C412B746B51007850F1 /* ProductGridView.swift */; };
		AA100C452B76F107007850F1 /* BrandItemView.swift in Sources */ = {isa = PBXBuildFile; fileRef = AA100C442B76F107007850F1 /* BrandItemView.swift */; };
		AA100C472B76F114007850F1 /* BrandGridView.swift in Sources */ = {isa = PBXBuildFile; fileRef = AA100C462B76F114007850F1 /* BrandGridView.swift */; };
		AA100C492B792609007850F1 /* ProductDetailView.swift in Sources */ = {isa = PBXBuildFile; fileRef = AA100C482B792609007850F1 /* ProductDetailView.swift */; };
		AA100C4B2B79277E007850F1 /* NavigationBarDetailView.swift in Sources */ = {isa = PBXBuildFile; fileRef = AA100C4A2B79277E007850F1 /* NavigationBarDetailView.swift */; };
		AA100C4D2B7929C7007850F1 /* HeaderDetailView.swift in Sources */ = {isa = PBXBuildFile; fileRef = AA100C4C2B7929C7007850F1 /* HeaderDetailView.swift */; };
		AA100C4F2B792B02007850F1 /* TopBarDetailView.swift in Sources */ = {isa = PBXBuildFile; fileRef = AA100C4E2B792B02007850F1 /* TopBarDetailView.swift */; };
		AA100C512B793352007850F1 /* CustomShape.swift in Sources */ = {isa = PBXBuildFile; fileRef = AA100C502B793352007850F1 /* CustomShape.swift */; };
		AA85AF3B2B6DB7AA008656FA /* TouchdownApp.swift in Sources */ = {isa = PBXBuildFile; fileRef = AA85AF3A2B6DB7AA008656FA /* TouchdownApp.swift */; };
		AA85AF3D2B6DB7AA008656FA /* ContentView.swift in Sources */ = {isa = PBXBuildFile; fileRef = AA85AF3C2B6DB7AA008656FA /* ContentView.swift */; };
		AA85AF3F2B6DB7AC008656FA /* Assets.xcassets in Resources */ = {isa = PBXBuildFile; fileRef = AA85AF3E2B6DB7AC008656FA /* Assets.xcassets */; };
		AA85AF422B6DB7AC008656FA /* Preview Assets.xcassets in Resources */ = {isa = PBXBuildFile; fileRef = AA85AF412B6DB7AC008656FA /* Preview Assets.xcassets */; };
		AA85AF4D2B6DBA20008656FA /* brand.json in Resources */ = {isa = PBXBuildFile; fileRef = AA85AF492B6DBA20008656FA /* brand.json */; };
		AA85AF4E2B6DBA20008656FA /* player.json in Resources */ = {isa = PBXBuildFile; fileRef = AA85AF4A2B6DBA20008656FA /* player.json */; };
		AA85AF4F2B6DBA20008656FA /* product.json in Resources */ = {isa = PBXBuildFile; fileRef = AA85AF4B2B6DBA20008656FA /* product.json */; };
		AA85AF502B6DBA20008656FA /* category.json in Resources */ = {isa = PBXBuildFile; fileRef = AA85AF4C2B6DBA20008656FA /* category.json */; };
		AA85AF5A2B6DBEE9008656FA /* Constant.swift in Sources */ = {isa = PBXBuildFile; fileRef = AA85AF592B6DBEE9008656FA /* Constant.swift */; };
		AA85AF5C2B70481D008656FA /* FooterView.swift in Sources */ = {isa = PBXBuildFile; fileRef = AA85AF5B2B70481D008656FA /* FooterView.swift */; };
/* End PBXBuildFile section */

/* Begin PBXFileReference section */
		AA100C1F2B71CFDA007850F1 /* NavigationBarView.swift */ = {isa = PBXFileReference; lastKnownFileType = sourcecode.swift; path = NavigationBarView.swift; sourceTree = "<group>"; };
		AA100C212B71D265007850F1 /* LogoView.swift */ = {isa = PBXFileReference; lastKnownFileType = sourcecode.swift; path = LogoView.swift; sourceTree = "<group>"; };
		AA100C232B72FC61007850F1 /* ImageSliderView.swift */ = {isa = PBXFileReference; lastKnownFileType = sourcecode.swift; path = ImageSliderView.swift; sourceTree = "<group>"; };
		AA100C252B72FC9A007850F1 /* PlayerModel.swift */ = {isa = PBXFileReference; lastKnownFileType = sourcecode.swift; path = PlayerModel.swift; sourceTree = "<group>"; };
		AA100C272B72FCEA007850F1 /* CodableBundleExtension.swift */ = {isa = PBXFileReference; lastKnownFileType = sourcecode.swift; path = CodableBundleExtension.swift; sourceTree = "<group>"; };
		AA100C292B72FF00007850F1 /* CategoryModel.swift */ = {isa = PBXFileReference; lastKnownFileType = sourcecode.swift; path = CategoryModel.swift; sourceTree = "<group>"; };
		AA100C2B2B72FFC6007850F1 /* BrandModel.swift */ = {isa = PBXFileReference; lastKnownFileType = sourcecode.swift; path = BrandModel.swift; sourceTree = "<group>"; };
		AA100C2D2B73003A007850F1 /* ProductModel.swift */ = {isa = PBXFileReference; lastKnownFileType = sourcecode.swift; path = ProductModel.swift; sourceTree = "<group>"; };
		AA100C2F2B7301B0007850F1 /* ImageSliderItemView.swift */ = {isa = PBXFileReference; lastKnownFileType = sourcecode.swift; path = ImageSliderItemView.swift; sourceTree = "<group>"; };
		AA100C312B73065D007850F1 /* CategoryItemView.swift */ = {isa = PBXFileReference; lastKnownFileType = sourcecode.swift; path = CategoryItemView.swift; sourceTree = "<group>"; };
		AA100C332B730821007850F1 /* CategoryGridView.swift */ = {isa = PBXFileReference; lastKnownFileType = sourcecode.swift; path = CategoryGridView.swift; sourceTree = "<group>"; };
		AA100C362B730A50007850F1 /* SectionView.swift */ = {isa = PBXFileReference; lastKnownFileType = sourcecode.swift; path = SectionView.swift; sourceTree = "<group>"; };
		AA100C3C2B746607007850F1 /* TitleView.swift */ = {isa = PBXFileReference; lastKnownFileType = sourcecode.swift; path = TitleView.swift; sourceTree = "<group>"; };
		AA100C3F2B74679A007850F1 /* ProductItemView.swift */ = {isa = PBXFileReference; lastKnownFileType = sourcecode.swift; path = ProductItemView.swift; sourceTree = "<group>"; };
		AA100C412B746B51007850F1 /* ProductGridView.swift */ = {isa = PBXFileReference; lastKnownFileType = sourcecode.swift; path = ProductGridView.swift; sourceTree = "<group>"; };
		AA100C442B76F107007850F1 /* BrandItemView.swift */ = {isa = PBXFileReference; lastKnownFileType = sourcecode.swift; path = BrandItemView.swift; sourceTree = "<group>"; };
		AA100C462B76F114007850F1 /* BrandGridView.swift */ = {isa = PBXFileReference; lastKnownFileType = sourcecode.swift; path = BrandGridView.swift; sourceTree = "<group>"; };
		AA100C482B792609007850F1 /* ProductDetailView.swift */ = {isa = PBXFileReference; lastKnownFileType = sourcecode.swift; path = ProductDetailView.swift; sourceTree = "<group>"; };
		AA100C4A2B79277E007850F1 /* NavigationBarDetailView.swift */ = {isa = PBXFileReference; lastKnownFileType = sourcecode.swift; path = NavigationBarDetailView.swift; sourceTree = "<group>"; };
		AA100C4C2B7929C7007850F1 /* HeaderDetailView.swift */ = {isa = PBXFileReference; lastKnownFileType = sourcecode.swift; path = HeaderDetailView.swift; sourceTree = "<group>"; };
		AA100C4E2B792B02007850F1 /* TopBarDetailView.swift */ = {isa = PBXFileReference; lastKnownFileType = sourcecode.swift; path = TopBarDetailView.swift; sourceTree = "<group>"; };
		AA100C502B793352007850F1 /* CustomShape.swift */ = {isa = PBXFileReference; lastKnownFileType = sourcecode.swift; path = CustomShape.swift; sourceTree = "<group>"; };
		AA85AF372B6DB7AA008656FA /* Touchdown.app */ = {isa = PBXFileReference; explicitFileType = wrapper.application; includeInIndex = 0; path = Touchdown.app; sourceTree = BUILT_PRODUCTS_DIR; };
		AA85AF3A2B6DB7AA008656FA /* TouchdownApp.swift */ = {isa = PBXFileReference; lastKnownFileType = sourcecode.swift; path = TouchdownApp.swift; sourceTree = "<group>"; };
		AA85AF3C2B6DB7AA008656FA /* ContentView.swift */ = {isa = PBXFileReference; lastKnownFileType = sourcecode.swift; path = ContentView.swift; sourceTree = "<group>"; };
		AA85AF3E2B6DB7AC008656FA /* Assets.xcassets */ = {isa = PBXFileReference; lastKnownFileType = folder.assetcatalog; path = Assets.xcassets; sourceTree = "<group>"; };
		AA85AF412B6DB7AC008656FA /* Preview Assets.xcassets */ = {isa = PBXFileReference; lastKnownFileType = folder.assetcatalog; path = "Preview Assets.xcassets"; sourceTree = "<group>"; };
		AA85AF492B6DBA20008656FA /* brand.json */ = {isa = PBXFileReference; fileEncoding = 4; lastKnownFileType = text.json; path = brand.json; sourceTree = "<group>"; };
		AA85AF4A2B6DBA20008656FA /* player.json */ = {isa = PBXFileReference; fileEncoding = 4; lastKnownFileType = text.json; path = player.json; sourceTree = "<group>"; };
		AA85AF4B2B6DBA20008656FA /* product.json */ = {isa = PBXFileReference; fileEncoding = 4; lastKnownFileType = text.json; path = product.json; sourceTree = "<group>"; };
		AA85AF4C2B6DBA20008656FA /* category.json */ = {isa = PBXFileReference; fileEncoding = 4; lastKnownFileType = text.json; path = category.json; sourceTree = "<group>"; };
		AA85AF512B6DBB31008656FA /* Info.plist */ = {isa = PBXFileReference; lastKnownFileType = text.plist; path = Info.plist; sourceTree = "<group>"; };
		AA85AF592B6DBEE9008656FA /* Constant.swift */ = {isa = PBXFileReference; lastKnownFileType = sourcecode.swift; path = Constant.swift; sourceTree = "<group>"; };
		AA85AF5B2B70481D008656FA /* FooterView.swift */ = {isa = PBXFileReference; lastKnownFileType = sourcecode.swift; path = FooterView.swift; sourceTree = "<group>"; };
/* End PBXFileReference section */

/* Begin PBXFrameworksBuildPhase section */
		AA85AF342B6DB7AA008656FA /* Frameworks */ = {
			isa = PBXFrameworksBuildPhase;
			buildActionMask = 2147483647;
			files = (
			);
			runOnlyForDeploymentPostprocessing = 0;
		};
/* End PBXFrameworksBuildPhase section */

/* Begin PBXGroup section */
		AA100C352B730A30007850F1 /* CategoryGrid */ = {
			isa = PBXGroup;
			children = (
				AA100C312B73065D007850F1 /* CategoryItemView.swift */,
				AA100C332B730821007850F1 /* CategoryGridView.swift */,
				AA100C362B730A50007850F1 /* SectionView.swift */,
			);
			path = CategoryGrid;
			sourceTree = "<group>";
		};
		AA100C382B730A61007850F1 /* NavigationView */ = {
			isa = PBXGroup;
			children = (
				AA100C1F2B71CFDA007850F1 /* NavigationBarView.swift */,
				AA100C212B71D265007850F1 /* LogoView.swift */,
			);
			path = NavigationView;
			sourceTree = "<group>";
		};
		AA100C392B730A76007850F1 /* SliderView */ = {
			isa = PBXGroup;
			children = (
				AA100C232B72FC61007850F1 /* ImageSliderView.swift */,
				AA100C2F2B7301B0007850F1 /* ImageSliderItemView.swift */,
			);
			path = SliderView;
			sourceTree = "<group>";
		};
		AA100C3A2B730A82007850F1 /* FooterView */ = {
			isa = PBXGroup;
			children = (
				AA85AF5B2B70481D008656FA /* FooterView.swift */,
			);
			path = FooterView;
			sourceTree = "<group>";
		};
		AA100C3B2B7465F3007850F1 /* Sessions */ = {
			isa = PBXGroup;
			children = (
				AA100C3C2B746607007850F1 /* TitleView.swift */,
			);
			path = Sessions;
			sourceTree = "<group>";
		};
		AA100C3E2B746780007850F1 /* ProductsGrid */ = {
			isa = PBXGroup;
			children = (
				AA100C3F2B74679A007850F1 /* ProductItemView.swift */,
				AA100C412B746B51007850F1 /* ProductGridView.swift */,
			);
			path = ProductsGrid;
			sourceTree = "<group>";
		};
		AA100C432B76F0EB007850F1 /* BrandsGrid */ = {
			isa = PBXGroup;
			children = (
				AA100C442B76F107007850F1 /* BrandItemView.swift */,
				AA100C462B76F114007850F1 /* BrandGridView.swift */,
			);
			path = BrandsGrid;
			sourceTree = "<group>";
		};
		AA85AF2E2B6DB7AA008656FA = {
			isa = PBXGroup;
			children = (
				AA85AF392B6DB7AA008656FA /* Touchdown */,
				AA85AF382B6DB7AA008656FA /* Products */,
			);
			sourceTree = "<group>";
		};
		AA85AF382B6DB7AA008656FA /* Products */ = {
			isa = PBXGroup;
			children = (
				AA85AF372B6DB7AA008656FA /* Touchdown.app */,
			);
			name = Products;
			sourceTree = "<group>";
		};
		AA85AF392B6DB7AA008656FA /* Touchdown */ = {
			isa = PBXGroup;
			children = (
				AA85AF522B6DBE6A008656FA /* App */,
				AA85AF572B6DBEA8008656FA /* Extension */,
				AA85AF562B6DBEA0008656FA /* Model */,
				AA85AF532B6DBE7E008656FA /* View */,
				AA85AF482B6DB9F9008656FA /* DataFiles */,
				AA85AF582B6DBEB0008656FA /* Utility */,
				AA85AF512B6DBB31008656FA /* Info.plist */,
				AA85AF3E2B6DB7AC008656FA /* Assets.xcassets */,
				AA85AF402B6DB7AC008656FA /* Preview Content */,
			);
			path = Touchdown;
			sourceTree = "<group>";
		};
		AA85AF402B6DB7AC008656FA /* Preview Content */ = {
			isa = PBXGroup;
			children = (
				AA85AF412B6DB7AC008656FA /* Preview Assets.xcassets */,
			);
			path = "Preview Content";
			sourceTree = "<group>";
		};
		AA85AF482B6DB9F9008656FA /* DataFiles */ = {
			isa = PBXGroup;
			children = (
				AA85AF492B6DBA20008656FA /* brand.json */,
				AA85AF4C2B6DBA20008656FA /* category.json */,
				AA85AF4A2B6DBA20008656FA /* player.json */,
				AA85AF4B2B6DBA20008656FA /* product.json */,
			);
			path = DataFiles;
			sourceTree = "<group>";
		};
		AA85AF522B6DBE6A008656FA /* App */ = {
			isa = PBXGroup;
			children = (
				AA85AF3A2B6DB7AA008656FA /* TouchdownApp.swift */,
				AA85AF3C2B6DB7AA008656FA /* ContentView.swift */,
			);
			path = App;
			sourceTree = "<group>";
		};
		AA85AF532B6DBE7E008656FA /* View */ = {
			isa = PBXGroup;
			children = (
				AA85AF552B6DBE8C008656FA /* Detail */,
				AA85AF542B6DBE85008656FA /* Home */,
			);
			path = View;
			sourceTree = "<group>";
		};
		AA85AF542B6DBE85008656FA /* Home */ = {
			isa = PBXGroup;
			children = (
				AA100C432B76F0EB007850F1 /* BrandsGrid */,
				AA100C3E2B746780007850F1 /* ProductsGrid */,
				AA100C3B2B7465F3007850F1 /* Sessions */,
				AA100C3A2B730A82007850F1 /* FooterView */,
				AA100C392B730A76007850F1 /* SliderView */,
				AA100C382B730A61007850F1 /* NavigationView */,
				AA100C352B730A30007850F1 /* CategoryGrid */,
			);
			path = Home;
			sourceTree = "<group>";
		};
		AA85AF552B6DBE8C008656FA /* Detail */ = {
			isa = PBXGroup;
			children = (
				AA100C482B792609007850F1 /* ProductDetailView.swift */,
				AA100C4A2B79277E007850F1 /* NavigationBarDetailView.swift */,
				AA100C4C2B7929C7007850F1 /* HeaderDetailView.swift */,
				AA100C4E2B792B02007850F1 /* TopBarDetailView.swift */,
			);
			path = Detail;
			sourceTree = "<group>";
		};
		AA85AF562B6DBEA0008656FA /* Model */ = {
			isa = PBXGroup;
			children = (
				AA100C252B72FC9A007850F1 /* PlayerModel.swift */,
				AA100C292B72FF00007850F1 /* CategoryModel.swift */,
				AA100C2B2B72FFC6007850F1 /* BrandModel.swift */,
				AA100C2D2B73003A007850F1 /* ProductModel.swift */,
			);
			path = Model;
			sourceTree = "<group>";
		};
		AA85AF572B6DBEA8008656FA /* Extension */ = {
			isa = PBXGroup;
			children = (
				AA100C272B72FCEA007850F1 /* CodableBundleExtension.swift */,
			);
			path = Extension;
			sourceTree = "<group>";
		};
		AA85AF582B6DBEB0008656FA /* Utility */ = {
			isa = PBXGroup;
			children = (
				AA85AF592B6DBEE9008656FA /* Constant.swift */,
				AA100C502B793352007850F1 /* CustomShape.swift */,
			);
			path = Utility;
			sourceTree = "<group>";
		};
/* End PBXGroup section */

/* Begin PBXNativeTarget section */
		AA85AF362B6DB7AA008656FA /* Touchdown */ = {
			isa = PBXNativeTarget;
			buildConfigurationList = AA85AF452B6DB7AC008656FA /* Build configuration list for PBXNativeTarget "Touchdown" */;
			buildPhases = (
				AA85AF332B6DB7AA008656FA /* Sources */,
				AA85AF342B6DB7AA008656FA /* Frameworks */,
				AA85AF352B6DB7AA008656FA /* Resources */,
			);
			buildRules = (
			);
			dependencies = (
			);
			name = Touchdown;
			productName = Touchdown;
			productReference = AA85AF372B6DB7AA008656FA /* Touchdown.app */;
			productType = "com.apple.product-type.application";
		};
/* End PBXNativeTarget section */

/* Begin PBXProject section */
		AA85AF2F2B6DB7AA008656FA /* Project object */ = {
			isa = PBXProject;
			attributes = {
				BuildIndependentTargetsInParallel = 1;
				LastSwiftUpdateCheck = 1510;
				LastUpgradeCheck = 1510;
				TargetAttributes = {
					AA85AF362B6DB7AA008656FA = {
						CreatedOnToolsVersion = 15.1;
					};
				};
			};
			buildConfigurationList = AA85AF322B6DB7AA008656FA /* Build configuration list for PBXProject "Touchdown" */;
			compatibilityVersion = "Xcode 14.0";
			developmentRegion = en;
			hasScannedForEncodings = 0;
			knownRegions = (
				en,
				Base,
			);
			mainGroup = AA85AF2E2B6DB7AA008656FA;
			productRefGroup = AA85AF382B6DB7AA008656FA /* Products */;
			projectDirPath = "";
			projectRoot = "";
			targets = (
				AA85AF362B6DB7AA008656FA /* Touchdown */,
			);
		};
/* End PBXProject section */

/* Begin PBXResourcesBuildPhase section */
		AA85AF352B6DB7AA008656FA /* Resources */ = {
			isa = PBXResourcesBuildPhase;
			buildActionMask = 2147483647;
			files = (
				AA85AF4E2B6DBA20008656FA /* player.json in Resources */,
				AA85AF422B6DB7AC008656FA /* Preview Assets.xcassets in Resources */,
				AA85AF3F2B6DB7AC008656FA /* Assets.xcassets in Resources */,
				AA85AF502B6DBA20008656FA /* category.json in Resources */,
				AA85AF4D2B6DBA20008656FA /* brand.json in Resources */,
				AA85AF4F2B6DBA20008656FA /* product.json in Resources */,
			);
			runOnlyForDeploymentPostprocessing = 0;
		};
/* End PBXResourcesBuildPhase section */

/* Begin PBXSourcesBuildPhase section */
		AA85AF332B6DB7AA008656FA /* Sources */ = {
			isa = PBXSourcesBuildPhase;
			buildActionMask = 2147483647;
			files = (
				AA85AF3D2B6DB7AA008656FA /* ContentView.swift in Sources */,
				AA100C2C2B72FFC6007850F1 /* BrandModel.swift in Sources */,
				AA100C222B71D265007850F1 /* LogoView.swift in Sources */,
				AA100C342B730821007850F1 /* CategoryGridView.swift in Sources */,
				AA100C322B73065D007850F1 /* CategoryItemView.swift in Sources */,
				AA100C262B72FC9A007850F1 /* PlayerModel.swift in Sources */,
				AA100C2A2B72FF00007850F1 /* CategoryModel.swift in Sources */,
				AA100C472B76F114007850F1 /* BrandGridView.swift in Sources */,
				AA100C4D2B7929C7007850F1 /* HeaderDetailView.swift in Sources */,
				AA85AF5C2B70481D008656FA /* FooterView.swift in Sources */,
				AA85AF3B2B6DB7AA008656FA /* TouchdownApp.swift in Sources */,
				AA100C4B2B79277E007850F1 /* NavigationBarDetailView.swift in Sources */,
				AA100C512B793352007850F1 /* CustomShape.swift in Sources */,
				AA100C4F2B792B02007850F1 /* TopBarDetailView.swift in Sources */,
				AA100C402B74679A007850F1 /* ProductItemView.swift in Sources */,
				AA100C2E2B73003A007850F1 /* ProductModel.swift in Sources */,
				AA85AF5A2B6DBEE9008656FA /* Constant.swift in Sources */,
				AA100C492B792609007850F1 /* ProductDetailView.swift in Sources */,
				AA100C302B7301B0007850F1 /* ImageSliderItemView.swift in Sources */,
				AA100C3D2B746608007850F1 /* TitleView.swift in Sources */,
				AA100C372B730A50007850F1 /* SectionView.swift in Sources */,
				AA100C452B76F107007850F1 /* BrandItemView.swift in Sources */,
				AA100C202B71CFDA007850F1 /* NavigationBarView.swift in Sources */,
				AA100C242B72FC61007850F1 /* ImageSliderView.swift in Sources */,
				AA100C282B72FCEA007850F1 /* CodableBundleExtension.swift in Sources */,
				AA100C422B746B51007850F1 /* ProductGridView.swift in Sources */,
			);
			runOnlyForDeploymentPostprocessing = 0;
		};
/* End PBXSourcesBuildPhase section */

/* Begin XCBuildConfiguration section */
		AA85AF432B6DB7AC008656FA /* Debug */ = {
			isa = XCBuildConfiguration;
			buildSettings = {
				ALWAYS_SEARCH_USER_PATHS = NO;
				ASSETCATALOG_COMPILER_GENERATE_SWIFT_ASSET_SYMBOL_EXTENSIONS = YES;
				CLANG_ANALYZER_NONNULL = YES;
				CLANG_ANALYZER_NUMBER_OBJECT_CONVERSION = YES_AGGRESSIVE;
				CLANG_CXX_LANGUAGE_STANDARD = "gnu++20";
				CLANG_ENABLE_MODULES = YES;
				CLANG_ENABLE_OBJC_ARC = YES;
				CLANG_ENABLE_OBJC_WEAK = YES;
				CLANG_WARN_BLOCK_CAPTURE_AUTORELEASING = YES;
				CLANG_WARN_BOOL_CONVERSION = YES;
				CLANG_WARN_COMMA = YES;
				CLANG_WARN_CONSTANT_CONVERSION = YES;
				CLANG_WARN_DEPRECATED_OBJC_IMPLEMENTATIONS = YES;
				CLANG_WARN_DIRECT_OBJC_ISA_USAGE = YES_ERROR;
				CLANG_WARN_DOCUMENTATION_COMMENTS = YES;
				CLANG_WARN_EMPTY_BODY = YES;
				CLANG_WARN_ENUM_CONVERSION = YES;
				CLANG_WARN_INFINITE_RECURSION = YES;
				CLANG_WARN_INT_CONVERSION = YES;
				CLANG_WARN_NON_LITERAL_NULL_CONVERSION = YES;
				CLANG_WARN_OBJC_IMPLICIT_RETAIN_SELF = YES;
				CLANG_WARN_OBJC_LITERAL_CONVERSION = YES;
				CLANG_WARN_OBJC_ROOT_CLASS = YES_ERROR;
				CLANG_WARN_QUOTED_INCLUDE_IN_FRAMEWORK_HEADER = YES;
				CLANG_WARN_RANGE_LOOP_ANALYSIS = YES;
				CLANG_WARN_STRICT_PROTOTYPES = YES;
				CLANG_WARN_SUSPICIOUS_MOVE = YES;
				CLANG_WARN_UNGUARDED_AVAILABILITY = YES_AGGRESSIVE;
				CLANG_WARN_UNREACHABLE_CODE = YES;
				CLANG_WARN__DUPLICATE_METHOD_MATCH = YES;
				COPY_PHASE_STRIP = NO;
				DEBUG_INFORMATION_FORMAT = dwarf;
				ENABLE_STRICT_OBJC_MSGSEND = YES;
				ENABLE_TESTABILITY = YES;
				ENABLE_USER_SCRIPT_SANDBOXING = YES;
				GCC_C_LANGUAGE_STANDARD = gnu17;
				GCC_DYNAMIC_NO_PIC = NO;
				GCC_NO_COMMON_BLOCKS = YES;
				GCC_OPTIMIZATION_LEVEL = 0;
				GCC_PREPROCESSOR_DEFINITIONS = (
					"DEBUG=1",
					"$(inherited)",
				);
				GCC_WARN_64_TO_32_BIT_CONVERSION = YES;
				GCC_WARN_ABOUT_RETURN_TYPE = YES_ERROR;
				GCC_WARN_UNDECLARED_SELECTOR = YES;
				GCC_WARN_UNINITIALIZED_AUTOS = YES_AGGRESSIVE;
				GCC_WARN_UNUSED_FUNCTION = YES;
				GCC_WARN_UNUSED_VARIABLE = YES;
				IPHONEOS_DEPLOYMENT_TARGET = 17.2;
				LOCALIZATION_PREFERS_STRING_CATALOGS = YES;
				MTL_ENABLE_DEBUG_INFO = INCLUDE_SOURCE;
				MTL_FAST_MATH = YES;
				ONLY_ACTIVE_ARCH = YES;
				SDKROOT = iphoneos;
				SWIFT_ACTIVE_COMPILATION_CONDITIONS = "DEBUG $(inherited)";
				SWIFT_OPTIMIZATION_LEVEL = "-Onone";
			};
			name = Debug;
		};
		AA85AF442B6DB7AC008656FA /* Release */ = {
			isa = XCBuildConfiguration;
			buildSettings = {
				ALWAYS_SEARCH_USER_PATHS = NO;
				ASSETCATALOG_COMPILER_GENERATE_SWIFT_ASSET_SYMBOL_EXTENSIONS = YES;
				CLANG_ANALYZER_NONNULL = YES;
				CLANG_ANALYZER_NUMBER_OBJECT_CONVERSION = YES_AGGRESSIVE;
				CLANG_CXX_LANGUAGE_STANDARD = "gnu++20";
				CLANG_ENABLE_MODULES = YES;
				CLANG_ENABLE_OBJC_ARC = YES;
				CLANG_ENABLE_OBJC_WEAK = YES;
				CLANG_WARN_BLOCK_CAPTURE_AUTORELEASING = YES;
				CLANG_WARN_BOOL_CONVERSION = YES;
				CLANG_WARN_COMMA = YES;
				CLANG_WARN_CONSTANT_CONVERSION = YES;
				CLANG_WARN_DEPRECATED_OBJC_IMPLEMENTATIONS = YES;
				CLANG_WARN_DIRECT_OBJC_ISA_USAGE = YES_ERROR;
				CLANG_WARN_DOCUMENTATION_COMMENTS = YES;
				CLANG_WARN_EMPTY_BODY = YES;
				CLANG_WARN_ENUM_CONVERSION = YES;
				CLANG_WARN_INFINITE_RECURSION = YES;
				CLANG_WARN_INT_CONVERSION = YES;
				CLANG_WARN_NON_LITERAL_NULL_CONVERSION = YES;
				CLANG_WARN_OBJC_IMPLICIT_RETAIN_SELF = YES;
				CLANG_WARN_OBJC_LITERAL_CONVERSION = YES;
				CLANG_WARN_OBJC_ROOT_CLASS = YES_ERROR;
				CLANG_WARN_QUOTED_INCLUDE_IN_FRAMEWORK_HEADER = YES;
				CLANG_WARN_RANGE_LOOP_ANALYSIS = YES;
				CLANG_WARN_STRICT_PROTOTYPES = YES;
				CLANG_WARN_SUSPICIOUS_MOVE = YES;
				CLANG_WARN_UNGUARDED_AVAILABILITY = YES_AGGRESSIVE;
				CLANG_WARN_UNREACHABLE_CODE = YES;
				CLANG_WARN__DUPLICATE_METHOD_MATCH = YES;
				COPY_PHASE_STRIP = NO;
				DEBUG_INFORMATION_FORMAT = "dwarf-with-dsym";
				ENABLE_NS_ASSERTIONS = NO;
				ENABLE_STRICT_OBJC_MSGSEND = YES;
				ENABLE_USER_SCRIPT_SANDBOXING = YES;
				GCC_C_LANGUAGE_STANDARD = gnu17;
				GCC_NO_COMMON_BLOCKS = YES;
				GCC_WARN_64_TO_32_BIT_CONVERSION = YES;
				GCC_WARN_ABOUT_RETURN_TYPE = YES_ERROR;
				GCC_WARN_UNDECLARED_SELECTOR = YES;
				GCC_WARN_UNINITIALIZED_AUTOS = YES_AGGRESSIVE;
				GCC_WARN_UNUSED_FUNCTION = YES;
				GCC_WARN_UNUSED_VARIABLE = YES;
				IPHONEOS_DEPLOYMENT_TARGET = 17.2;
				LOCALIZATION_PREFERS_STRING_CATALOGS = YES;
				MTL_ENABLE_DEBUG_INFO = NO;
				MTL_FAST_MATH = YES;
				SDKROOT = iphoneos;
				SWIFT_COMPILATION_MODE = wholemodule;
				VALIDATE_PRODUCT = YES;
			};
			name = Release;
		};
		AA85AF462B6DB7AC008656FA /* Debug */ = {
			isa = XCBuildConfiguration;
			buildSettings = {
				ASSETCATALOG_COMPILER_APPICON_NAME = AppIcon;
				ASSETCATALOG_COMPILER_GLOBAL_ACCENT_COLOR_NAME = AccentColor;
				CODE_SIGN_STYLE = Automatic;
				CURRENT_PROJECT_VERSION = 1;
				DEVELOPMENT_ASSET_PATHS = "\"Touchdown/Preview Content\"";
				DEVELOPMENT_TEAM = 9783S9K6GB;
				ENABLE_PREVIEWS = YES;
				GENERATE_INFOPLIST_FILE = YES;
				INFOPLIST_FILE = Touchdown/Info.plist;
				INFOPLIST_KEY_UIApplicationSceneManifest_Generation = YES;
				INFOPLIST_KEY_UIApplicationSupportsIndirectInputEvents = YES;
				INFOPLIST_KEY_UISupportedInterfaceOrientations = UIInterfaceOrientationPortrait;
				INFOPLIST_KEY_UISupportedInterfaceOrientations_iPad = "UIInterfaceOrientationLandscapeLeft UIInterfaceOrientationLandscapeRight UIInterfaceOrientationPortrait UIInterfaceOrientationPortraitUpsideDown";
				INFOPLIST_KEY_UIUserInterfaceStyle = Light;
				LD_RUNPATH_SEARCH_PATHS = (
					"$(inherited)",
					"@executable_path/Frameworks",
				);
				MARKETING_VERSION = 1.0;
				PRODUCT_BUNDLE_IDENTIFIER = com.contedev.Touchdown;
				PRODUCT_NAME = "$(TARGET_NAME)";
				SWIFT_EMIT_LOC_STRINGS = YES;
				SWIFT_VERSION = 5.0;
				TARGETED_DEVICE_FAMILY = "1,2";
			};
			name = Debug;
		};
		AA85AF472B6DB7AC008656FA /* Release */ = {
			isa = XCBuildConfiguration;
			buildSettings = {
				ASSETCATALOG_COMPILER_APPICON_NAME = AppIcon;
				ASSETCATALOG_COMPILER_GLOBAL_ACCENT_COLOR_NAME = AccentColor;
				CODE_SIGN_STYLE = Automatic;
				CURRENT_PROJECT_VERSION = 1;
				DEVELOPMENT_ASSET_PATHS = "\"Touchdown/Preview Content\"";
				DEVELOPMENT_TEAM = 9783S9K6GB;
				ENABLE_PREVIEWS = YES;
				GENERATE_INFOPLIST_FILE = YES;
				INFOPLIST_FILE = Touchdown/Info.plist;
				INFOPLIST_KEY_UIApplicationSceneManifest_Generation = YES;
				INFOPLIST_KEY_UIApplicationSupportsIndirectInputEvents = YES;
				INFOPLIST_KEY_UISupportedInterfaceOrientations = UIInterfaceOrientationPortrait;
				INFOPLIST_KEY_UISupportedInterfaceOrientations_iPad = "UIInterfaceOrientationLandscapeLeft UIInterfaceOrientationLandscapeRight UIInterfaceOrientationPortrait UIInterfaceOrientationPortraitUpsideDown";
				INFOPLIST_KEY_UIUserInterfaceStyle = Light;
				LD_RUNPATH_SEARCH_PATHS = (
					"$(inherited)",
					"@executable_path/Frameworks",
				);
				MARKETING_VERSION = 1.0;
				PRODUCT_BUNDLE_IDENTIFIER = com.contedev.Touchdown;
				PRODUCT_NAME = "$(TARGET_NAME)";
				SWIFT_EMIT_LOC_STRINGS = YES;
				SWIFT_VERSION = 5.0;
				TARGETED_DEVICE_FAMILY = "1,2";
			};
			name = Release;
		};
/* End XCBuildConfiguration section */

/* Begin XCConfigurationList section */
		AA85AF322B6DB7AA008656FA /* Build configuration list for PBXProject "Touchdown" */ = {
			isa = XCConfigurationList;
			buildConfigurations = (
				AA85AF432B6DB7AC008656FA /* Debug */,
				AA85AF442B6DB7AC008656FA /* Release */,
			);
			defaultConfigurationIsVisible = 0;
			defaultConfigurationName = Release;
		};
		AA85AF452B6DB7AC008656FA /* Build configuration list for PBXNativeTarget "Touchdown" */ = {
			isa = XCConfigurationList;
			buildConfigurations = (
				AA85AF462B6DB7AC008656FA /* Debug */,
				AA85AF472B6DB7AC008656FA /* Release */,
			);
			defaultConfigurationIsVisible = 0;
			defaultConfigurationName = Release;
		};
/* End XCConfigurationList section */
	};
	rootObject = AA85AF2F2B6DB7AA008656FA /* Project object */;
}
